
Microsoft Visual Studio Solution File, Format Version 12.00
# Visual Studio Version 17
VisualStudioVersion = 17.6.33829.357
MinimumVisualStudioVersion = 10.0.40219.1
Project("{FAE04EC0-301F-11D3-BF4B-00C04F79EFBC}") = "Die-erDiceyDi-ingDice", "Die-erDiceyDi-ingDice.csproj", "{BA7D1324-CBCF-4D3B-A410-58F765D94877}"
EndProject
Global
	GlobalSection(SolutionConfigurationPlatforms) = preSolution
		Debug|Any CPU = Debug|Any CPU
		Release|Any CPU = Release|Any CPU
	EndGlobalSection
	GlobalSection(ProjectConfigurationPlatforms) = postSolution
		{BA7D1324-CBCF-4D3B-A410-58F765D94877}.Debug|Any CPU.ActiveCfg = Debug|Any CPU
		{BA7D1324-CBCF-4D3B-A410-58F765D94877}.Debug|Any CPU.Build.0 = Debug|Any CPU
		{BA7D1324-CBCF-4D3B-A410-58F765D94877}.Release|Any CPU.ActiveCfg = Release|Any CPU
		{BA7D1324-CBCF-4D3B-A410-58F765D94877}.Release|Any CPU.Build.0 = Release|Any CPU
	EndGlobalSection
	GlobalSection(SolutionProperties) = preSolution
		HideSolutionNode = FALSE
	EndGlobalSection
	GlobalSection(ExtensibilityGlobals) = postSolution
		SolutionGuid = {D4EF5494-E796-4ED5-B2AD-43F2A37EF9AA}
	EndGlobalSection
EndGlobal
